
Microsoft Visual Studio Solution File, Format Version 12.00
# Visual Studio Version 17
VisualStudioVersion = 17.7.34031.279
MinimumVisualStudioVersion = 10.0.40219.1
Project("{9A19103F-16F7-4668-BE54-9A1E7A4F7556}") = "Ejercicio01", "Ejercicio01\Ejercicio01.csproj", "{C8593391-C3CD-4E09-A5DE-D9CC58A1B314}"
EndProject
Project("{9A19103F-16F7-4668-BE54-9A1E7A4F7556}") = "Ejercicio02", "Ejercicio02\Ejercicio02.csproj", "{FE632A6D-58E6-4805-980C-8E29E2A00676}"
EndProject
Project("{9A19103F-16F7-4668-BE54-9A1E7A4F7556}") = "Ejercicio03", "Ejercicio03\Ejercicio03.csproj", "{EBD47D86-950F-401D-A2F4-41202AB53D8D}"
EndProject
Project("{FAE04EC0-301F-11D3-BF4B-00C04F79EFBC}") = "Ejercicio04", "Ejercicio04\Ejercicio04.csproj", "{0BAABE44-8373-4288-B087-1ABF2EA27C07}"
EndProject
Global
	GlobalSection(SolutionConfigurationPlatforms) = preSolution
		Debug|Any CPU = Debug|Any CPU
		Release|Any CPU = Release|Any CPU
	EndGlobalSection
	GlobalSection(ProjectConfigurationPlatforms) = postSolution
		{C8593391-C3CD-4E09-A5DE-D9CC58A1B314}.Debug|Any CPU.ActiveCfg = Debug|Any CPU
		{C8593391-C3CD-4E09-A5DE-D9CC58A1B314}.Debug|Any CPU.Build.0 = Debug|Any CPU
		{C8593391-C3CD-4E09-A5DE-D9CC58A1B314}.Debug|Any CPU.Deploy.0 = Debug|Any CPU
		{C8593391-C3CD-4E09-A5DE-D9CC58A1B314}.Release|Any CPU.ActiveCfg = Release|Any CPU
		{C8593391-C3CD-4E09-A5DE-D9CC58A1B314}.Release|Any CPU.Build.0 = Release|Any CPU
		{C8593391-C3CD-4E09-A5DE-D9CC58A1B314}.Release|Any CPU.Deploy.0 = Release|Any CPU
		{FE632A6D-58E6-4805-980C-8E29E2A00676}.Debug|Any CPU.ActiveCfg = Debug|Any CPU
		{FE632A6D-58E6-4805-980C-8E29E2A00676}.Debug|Any CPU.Build.0 = Debug|Any CPU
		{FE632A6D-58E6-4805-980C-8E29E2A00676}.Debug|Any CPU.Deploy.0 = Debug|Any CPU
		{FE632A6D-58E6-4805-980C-8E29E2A00676}.Release|Any CPU.ActiveCfg = Release|Any CPU
		{FE632A6D-58E6-4805-980C-8E29E2A00676}.Release|Any CPU.Build.0 = Release|Any CPU
		{FE632A6D-58E6-4805-980C-8E29E2A00676}.Release|Any CPU.Deploy.0 = Release|Any CPU
		{EBD47D86-950F-401D-A2F4-41202AB53D8D}.Debug|Any CPU.ActiveCfg = Debug|Any CPU
		{EBD47D86-950F-401D-A2F4-41202AB53D8D}.Debug|Any CPU.Build.0 = Debug|Any CPU
		{EBD47D86-950F-401D-A2F4-41202AB53D8D}.Debug|Any CPU.Deploy.0 = Debug|Any CPU
		{EBD47D86-950F-401D-A2F4-41202AB53D8D}.Release|Any CPU.ActiveCfg = Release|Any CPU
		{EBD47D86-950F-401D-A2F4-41202AB53D8D}.Release|Any CPU.Build.0 = Release|Any CPU
		{EBD47D86-950F-401D-A2F4-41202AB53D8D}.Release|Any CPU.Deploy.0 = Release|Any CPU
		{0BAABE44-8373-4288-B087-1ABF2EA27C07}.Debug|Any CPU.ActiveCfg = Debug|Any CPU
		{0BAABE44-8373-4288-B087-1ABF2EA27C07}.Debug|Any CPU.Build.0 = Debug|Any CPU
		{0BAABE44-8373-4288-B087-1ABF2EA27C07}.Debug|Any CPU.Deploy.0 = Debug|Any CPU
		{0BAABE44-8373-4288-B087-1ABF2EA27C07}.Release|Any CPU.ActiveCfg = Release|Any CPU
		{0BAABE44-8373-4288-B087-1ABF2EA27C07}.Release|Any CPU.Build.0 = Release|Any CPU
		{0BAABE44-8373-4288-B087-1ABF2EA27C07}.Release|Any CPU.Deploy.0 = Release|Any CPU
	EndGlobalSection
	GlobalSection(SolutionProperties) = preSolution
		HideSolutionNode = FALSE
	EndGlobalSection
	GlobalSection(ExtensibilityGlobals) = postSolution
		SolutionGuid = {64BB1777-9765-4ED1-97FE-60D74309F430}
	EndGlobalSection
EndGlobal
